
Microsoft Visual Studio Solution File, Format Version 12.00
# Visual Studio 15
VisualStudioVersion = 15.0.25928.0
MinimumVisualStudioVersion = 10.0.40219.1
Project("{FAE04EC0-301F-11D3-BF4B-00C04F79EFBC}") = "YBTVPN_Client", "YBTVPN_Client\YBTVPN_Client.csproj", "{B2A34649-4084-4ED5-A12C-9629E83F103F}"
EndProject
Global
	GlobalSection(SolutionConfigurationPlatforms) = preSolution
		Debug|Any CPU = Debug|Any CPU
		Release|Any CPU = Release|Any CPU
	EndGlobalSection
	GlobalSection(ProjectConfigurationPlatforms) = postSolution
		{B2A34649-4084-4ED5-A12C-9629E83F103F}.Debug|Any CPU.ActiveCfg = Debug|Any CPU
		{B2A34649-4084-4ED5-A12C-9629E83F103F}.Debug|Any CPU.Build.0 = Debug|Any CPU
		{B2A34649-4084-4ED5-A12C-9629E83F103F}.Release|Any CPU.ActiveCfg = Release|Any CPU
		{B2A34649-4084-4ED5-A12C-9629E83F103F}.Release|Any CPU.Build.0 = Release|Any CPU
	EndGlobalSection
	GlobalSection(SolutionProperties) = preSolution
		HideSolutionNode = FALSE
	EndGlobalSection
EndGlobal
